
Microsoft Visual Studio Solution File, Format Version 12.00
# Visual Studio Version 17
VisualStudioVersion = 17.14.36511.14
MinimumVisualStudioVersion = 10.0.40219.1
Project("{FAE04EC0-301F-11D3-BF4B-00C04F79EFBC}") = "DashBoard", "WebApplication1\DashBoard.csproj", "{CFA722B7-7FE9-4634-8B43-EA61EAB8FDAE}"
EndProject
Global
	GlobalSection(SolutionConfigurationPlatforms) = preSolution
		Debug|Any CPU = Debug|Any CPU
		Release|Any CPU = Release|Any CPU
	EndGlobalSection
	GlobalSection(ProjectConfigurationPlatforms) = postSolution
		{CFA722B7-7FE9-4634-8B43-EA61EAB8FDAE}.Debug|Any CPU.ActiveCfg = Debug|Any CPU
		{CFA722B7-7FE9-4634-8B43-EA61EAB8FDAE}.Debug|Any CPU.Build.0 = Debug|Any CPU
		{CFA722B7-7FE9-4634-8B43-EA61EAB8FDAE}.Release|Any CPU.ActiveCfg = Release|Any CPU
		{CFA722B7-7FE9-4634-8B43-EA61EAB8FDAE}.Release|Any CPU.Build.0 = Release|Any CPU
	EndGlobalSection
	GlobalSection(SolutionProperties) = preSolution
		HideSolutionNode = FALSE
	EndGlobalSection
	GlobalSection(ExtensibilityGlobals) = postSolution
		SolutionGuid = {A54E3D24-F4BA-4DDF-BFFF-F6341735354D}
	EndGlobalSection
EndGlobal
